
Microsoft Visual Studio Solution File, Format Version 12.00
# Visual Studio Version 17
VisualStudioVersion = 17.3.32929.385
MinimumVisualStudioVersion = 10.0.40219.1
Project("{FAE04EC0-301F-11D3-BF4B-00C04F79EFBC}") = "EXpense-Tracker", "EXpense-Tracker\EXpense-Tracker.csproj", "{F1DC2159-481E-4239-9202-A39F76099233}"
EndProject
Project("{2150E333-8FDC-42A3-9474-1A3956D46DE8}") = "Solution Items", "Solution Items", "{A6B27A34-0AF6-4BDF-8B6C-D055E58095F8}"
	ProjectSection(SolutionItems) = preProject
		.editorconfig = .editorconfig
	EndProjectSection
EndProject
Global
	GlobalSection(SolutionConfigurationPlatforms) = preSolution
		Debug|Any CPU = Debug|Any CPU
		Release|Any CPU = Release|Any CPU
	EndGlobalSection
	GlobalSection(ProjectConfigurationPlatforms) = postSolution
		{F1DC2159-481E-4239-9202-A39F76099233}.Debug|Any CPU.ActiveCfg = Debug|Any CPU
		{F1DC2159-481E-4239-9202-A39F76099233}.Debug|Any CPU.Build.0 = Debug|Any CPU
		{F1DC2159-481E-4239-9202-A39F76099233}.Release|Any CPU.ActiveCfg = Release|Any CPU
		{F1DC2159-481E-4239-9202-A39F76099233}.Release|Any CPU.Build.0 = Release|Any CPU
	EndGlobalSection
	GlobalSection(SolutionProperties) = preSolution
		HideSolutionNode = FALSE
	EndGlobalSection
	GlobalSection(ExtensibilityGlobals) = postSolution
		SolutionGuid = {FFBB1663-CB56-40DA-A559-17BE13BC3DDF}
	EndGlobalSection
EndGlobal
